// !$*UTF8*$!
{
	archiveVersion = 1;
	classes = {
	};
	objectVersion = 46;
	objects = {

/* Begin PBXBuildFile section */
		80CB57431DA72BEB00A9D501 /* AppDelegate.swift in Sources */ = {isa = PBXBuildFile; fileRef = 80CB57421DA72BEB00A9D501 /* AppDelegate.swift */; };
		80CB57451DA72BEB00A9D501 /* ViewController.swift in Sources */ = {isa = PBXBuildFile; fileRef = 80CB57441DA72BEB00A9D501 /* ViewController.swift */; };
		80CB57481DA72BEB00A9D501 /* Main.storyboard in Resources */ = {isa = PBXBuildFile; fileRef = 80CB57461DA72BEB00A9D501 /* Main.storyboard */; };
		80CB574A1DA72BEB00A9D501 /* Assets.xcassets in Resources */ = {isa = PBXBuildFile; fileRef = 80CB57491DA72BEB00A9D501 /* Assets.xcassets */; };
		80CB574D1DA72BEB00A9D501 /* LaunchScreen.storyboard in Resources */ = {isa = PBXBuildFile; fileRef = 80CB574B1DA72BEB00A9D501 /* LaunchScreen.storyboard */; };
		80CB57551DA72C1600A9D501 /* SpriteKit.framework in Frameworks */ = {isa = PBXBuildFile; fileRef = 80CB57541DA72C1600A9D501 /* SpriteKit.framework */; };
		80CB57571DA7328F00A9D501 /* GameScene.swift in Sources */ = {isa = PBXBuildFile; fileRef = 80CB57561DA7328F00A9D501 /* GameScene.swift */; };
		80CB57591DA77C1200A9D501 /* knock_brush.mp3 in Resources */ = {isa = PBXBuildFile; fileRef = 80CB57581DA77C1200A9D501 /* knock_brush.mp3 */; };
/* End PBXBuildFile section */

/* Begin PBXFileReference section */
		80CB573F1DA72BEB00A9D501 /* FlappyBird.app */ = {isa = PBXFileReference; explicitFileType = wrapper.application; includeInIndex = 0; path = FlappyBird.app; sourceTree = BUILT_PRODUCTS_DIR; };
		80CB57421DA72BEB00A9D501 /* AppDelegate.swift */ = {isa = PBXFileReference; lastKnownFileType = sourcecode.swift; path = AppDelegate.swift; sourceTree = "<group>"; };
		80CB57441DA72BEB00A9D501 /* ViewController.swift */ = {isa = PBXFileReference; lastKnownFileType = sourcecode.swift; path = ViewController.swift; sourceTree = "<group>"; };
		80CB57471DA72BEB00A9D501 /* Base */ = {isa = PBXFileReference; lastKnownFileType = file.storyboard; name = Base; path = Base.lproj/Main.storyboard; sourceTree = "<group>"; };
		80CB57491DA72BEB00A9D501 /* Assets.xcassets */ = {isa = PBXFileReference; lastKnownFileType = folder.assetcatalog; path = Assets.xcassets; sourceTree = "<group>"; };
		80CB574C1DA72BEB00A9D501 /* Base */ = {isa = PBXFileReference; lastKnownFileType = file.storyboard; name = Base; path = Base.lproj/LaunchScreen.storyboard; sourceTree = "<group>"; };
		80CB574E1DA72BEB00A9D501 /* Info.plist */ = {isa = PBXFileReference; lastKnownFileType = text.plist.xml; path = Info.plist; sourceTree = "<group>"; };
		80CB57541DA72C1600A9D501 /* SpriteKit.framework */ = {isa = PBXFileReference; lastKnownFileType = wrapper.framework; name = SpriteKit.framework; path = System/Library/Frameworks/SpriteKit.framework; sourceTree = SDKROOT; };
		80CB57561DA7328F00A9D501 /* GameScene.swift */ = {isa = PBXFileReference; fileEncoding = 4; lastKnownFileType = sourcecode.swift; path = GameScene.swift; sourceTree = "<group>"; };
		80CB57581DA77C1200A9D501 /* knock_brush.mp3 */ = {isa = PBXFileReference; lastKnownFileType = audio.mp3; path = knock_brush.mp3; sourceTree = "<group>"; };
/* End PBXFileReference section */

/* Begin PBXFrameworksBuildPhase section */
		80CB573C1DA72BEB00A9D501 /* Frameworks */ = {
			isa = PBXFrameworksBuildPhase;
			buildActionMask = 2147483647;
			files = (
				80CB57551DA72C1600A9D501 /* SpriteKit.framework in Frameworks */,
			);
			runOnlyForDeploymentPostprocessing = 0;
		};
/* End PBXFrameworksBuildPhase section */

/* Begin PBXGroup section */
		80CB57361DA72BEB00A9D501 = {
			isa = PBXGroup;
			children = (
				80CB57541DA72C1600A9D501 /* SpriteKit.framework */,
				80CB57411DA72BEB00A9D501 /* FlappyBird */,
				80CB57401DA72BEB00A9D501 /* Products */,
			);
			sourceTree = "<group>";
		};
		80CB57401DA72BEB00A9D501 /* Products */ = {
			isa = PBXGroup;
			children = (
				80CB573F1DA72BEB00A9D501 /* FlappyBird.app */,
			);
			name = Products;
			sourceTree = "<group>";
		};
		80CB57411DA72BEB00A9D501 /* FlappyBird */ = {
			isa = PBXGroup;
			children = (
				80CB57581DA77C1200A9D501 /* knock_brush.mp3 */,
				80CB57421DA72BEB00A9D501 /* AppDelegate.swift */,
				80CB57441DA72BEB00A9D501 /* ViewController.swift */,
				80CB57461DA72BEB00A9D501 /* Main.storyboard */,
				80CB57491DA72BEB00A9D501 /* Assets.xcassets */,
				80CB57561DA7328F00A9D501 /* GameScene.swift */,
				80CB574B1DA72BEB00A9D501 /* LaunchScreen.storyboard */,
				80CB574E1DA72BEB00A9D501 /* Info.plist */,
			);
			path = FlappyBird;
			sourceTree = "<group>";
		};
/* End PBXGroup section */

/* Begin PBXNativeTarget section */
		80CB573E1DA72BEB00A9D501 /* FlappyBird */ = {
			isa = PBXNativeTarget;
			buildConfigurationList = 80CB57511DA72BEB00A9D501 /* Build configuration list for PBXNativeTarget "FlappyBird" */;
			buildPhases = (
				80CB573B1DA72BEB00A9D501 /* Sources */,
				80CB573C1DA72BEB00A9D501 /* Frameworks */,
				80CB573D1DA72BEB00A9D501 /* Resources */,
			);
			buildRules = (
			);
			dependencies = (
			);
			name = FlappyBird;
			productName = FlappyBird;
			productReference = 80CB573F1DA72BEB00A9D501 /* FlappyBird.app */;
			productType = "com.apple.product-type.application";
		};
/* End PBXNativeTarget section */

/* Begin PBXProject section */
		80CB57371DA72BEB00A9D501 /* Project object */ = {
			isa = PBXProject;
			attributes = {
				LastSwiftUpdateCheck = 0730;
				LastUpgradeCheck = 0730;
				ORGANIZATIONNAME = "Issei Komatsu";
				TargetAttributes = {
					80CB573E1DA72BEB00A9D501 = {
						CreatedOnToolsVersion = 7.3.1;
					};
				};
			};
			buildConfigurationList = 80CB573A1DA72BEB00A9D501 /* Build configuration list for PBXProject "FlappyBird" */;
			compatibilityVersion = "Xcode 3.2";
			developmentRegion = English;
			hasScannedForEncodings = 0;
			knownRegions = (
				en,
				Base,
			);
			mainGroup = 80CB57361DA72BEB00A9D501;
			productRefGroup = 80CB57401DA72BEB00A9D501 /* Products */;
			projectDirPath = "";
			projectRoot = "";
			targets = (
				80CB573E1DA72BEB00A9D501 /* FlappyBird */,
			);
		};
/* End PBXProject section */

/* Begin PBXResourcesBuildPhase section */
		80CB573D1DA72BEB00A9D501 /* Resources */ = {
			isa = PBXResourcesBuildPhase;
			buildActionMask = 2147483647;
			files = (
				80CB574D1DA72BEB00A9D501 /* LaunchScreen.storyboard in Resources */,
				80CB574A1DA72BEB00A9D501 /* Assets.xcassets in Resources */,
				80CB57591DA77C1200A9D501 /* knock_brush.mp3 in Resources */,
				80CB57481DA72BEB00A9D501 /* Main.storyboard in Resources */,
			);
			runOnlyForDeploymentPostprocessing = 0;
		};
/* End PBXResourcesBuildPhase section */

/* Begin PBXSourcesBuildPhase section */
		80CB573B1DA72BEB00A9D501 /* Sources */ = {
			isa = PBXSourcesBuildPhase;
			buildActionMask = 2147483647;
			files = (
				80CB57571DA7328F00A9D501 /* GameScene.swift in Sources */,
				80CB57451DA72BEB00A9D501 /* ViewController.swift in Sources */,
				80CB57431DA72BEB00A9D501 /* AppDelegate.swift in Sources */,
			);
			runOnlyForDeploymentPostprocessing = 0;
		};
/* End PBXSourcesBuildPhase section */

/* Begin PBXVariantGroup section */
		80CB57461DA72BEB00A9D501 /* Main.storyboard */ = {
			isa = PBXVariantGroup;
			children = (
				80CB57471DA72BEB00A9D501 /* Base */,
			);
			name = Main.storyboard;
			sourceTree = "<group>";
		};
		80CB574B1DA72BEB00A9D501 /* LaunchScreen.storyboard */ = {
			isa = PBXVariantGroup;
			children = (
				80CB574C1DA72BEB00A9D501 /* Base */,
			);
			name = LaunchScreen.storyboard;
			sourceTree = "<group>";
		};
/* End PBXVariantGroup section */

/* Begin XCBuildConfiguration section */
		80CB574F1DA72BEB00A9D501 /* Debug */ = {
			isa = XCBuildConfiguration;
			buildSettings = {
				ALWAYS_SEARCH_USER_PATHS = NO;
				CLANG_ANALYZER_NONNULL = YES;
				CLANG_CXX_LANGUAGE_STANDARD = "gnu++0x";
				CLANG_CXX_LIBRARY = "libc++";
				CLANG_ENABLE_MODULES = YES;
				CLANG_ENABLE_OBJC_ARC = YES;
				CLANG_WARN_BOOL_CONVERSION = YES;
				CLANG_WARN_CONSTANT_CONVERSION = YES;
				CLANG_WARN_DIRECT_OBJC_ISA_USAGE = YES_ERROR;
				CLANG_WARN_EMPTY_BODY = YES;
				CLANG_WARN_ENUM_CONVERSION = YES;
				CLANG_WARN_INT_CONVERSION = YES;
				CLANG_WARN_OBJC_ROOT_CLASS = YES_ERROR;
				CLANG_WARN_UNREACHABLE_CODE = YES;
				CLANG_WARN__DUPLICATE_METHOD_MATCH = YES;
				"CODE_SIGN_IDENTITY[sdk=iphoneos*]" = "iPhone Developer";
				COPY_PHASE_STRIP = NO;
				DEBUG_INFORMATION_FORMAT = dwarf;
				ENABLE_STRICT_OBJC_MSGSEND = YES;
				ENABLE_TESTABILITY = YES;
				GCC_C_LANGUAGE_STANDARD = gnu99;
				GCC_DYNAMIC_NO_PIC = NO;
				GCC_NO_COMMON_BLOCKS = YES;
				GCC_OPTIMIZATION_LEVEL = 0;
				GCC_PREPROCESSOR_DEFINITIONS = (
					"DEBUG=1",
					"$(inherited)",
				);
				GCC_WARN_64_TO_32_BIT_CONVERSION = YES;
				GCC_WARN_ABOUT_RETURN_TYPE = YES_ERROR;
				GCC_WARN_UNDECLARED_SELECTOR = YES;
				GCC_WARN_UNINITIALIZED_AUTOS = YES_AGGRESSIVE;
				GCC_WARN_UNUSED_FUNCTION = YES;
				GCC_WARN_UNUSED_VARIABLE = YES;
				IPHONEOS_DEPLOYMENT_TARGET = 9.3;
				MTL_ENABLE_DEBUG_INFO = YES;
				ONLY_ACTIVE_ARCH = YES;
				SDKROOT = iphoneos;
				SWIFT_OPTIMIZATION_LEVEL = "-Onone";
			};
			name = Debug;
		};
		80CB57501DA72BEB00A9D501 /* Release */ = {
			isa = XCBuildConfiguration;
			buildSettings = {
				ALWAYS_SEARCH_USER_PATHS = NO;
				CLANG_ANALYZER_NONNULL = YES;
				CLANG_CXX_LANGUAGE_STANDARD = "gnu++0x";
				CLANG_CXX_LIBRARY = "libc++";
				CLANG_ENABLE_MODULES = YES;
				CLANG_ENABLE_OBJC_ARC = YES;
				CLANG_WARN_BOOL_CONVERSION = YES;
				CLANG_WARN_CONSTANT_CONVERSION = YES;
				CLANG_WARN_DIRECT_OBJC_ISA_USAGE = YES_ERROR;
				CLANG_WARN_EMPTY_BODY = YES;
				CLANG_WARN_ENUM_CONVERSION = YES;
				CLANG_WARN_INT_CONVERSION = YES;
				CLANG_WARN_OBJC_ROOT_CLASS = YES_ERROR;
				CLANG_WARN_UNREACHABLE_CODE = YES;
				CLANG_WARN__DUPLICATE_METHOD_MATCH = YES;
				"CODE_SIGN_IDENTITY[sdk=iphoneos*]" = "iPhone Developer";
				COPY_PHASE_STRIP = NO;
				DEBUG_INFORMATION_FORMAT = "dwarf-with-dsym";
				ENABLE_NS_ASSERTIONS = NO;
				ENABLE_STRICT_OBJC_MSGSEND = YES;
				GCC_C_LANGUAGE_STANDARD = gnu99;
				GCC_NO_COMMON_BLOCKS = YES;
				GCC_WARN_64_TO_32_BIT_CONVERSION = YES;
				GCC_WARN_ABOUT_RETURN_TYPE = YES_ERROR;
				GCC_WARN_UNDECLARED_SELECTOR = YES;
				GCC_WARN_UNINITIALIZED_AUTOS = YES_AGGRESSIVE;
				GCC_WARN_UNUSED_FUNCTION = YES;
				GCC_WARN_UNUSED_VARIABLE = YES;
				IPHONEOS_DEPLOYMENT_TARGET = 9.3;
				MTL_ENABLE_DEBUG_INFO = NO;
				SDKROOT = iphoneos;
				VALIDATE_PRODUCT = YES;
			};
			name = Release;
		};
		80CB57521DA72BEB00A9D501 /* Debug */ = {
			isa = XCBuildConfiguration;
			buildSettings = {
				ASSETCATALOG_COMPILER_APPICON_NAME = AppIcon;
				INFOPLIST_FILE = FlappyBird/Info.plist;
				LD_RUNPATH_SEARCH_PATHS = "$(inherited) @executable_path/Frameworks";
				PRODUCT_BUNDLE_IDENTIFIER = jp.techacademy.issei.komatsu.FlappyBird;
				PRODUCT_NAME = "$(TARGET_NAME)";
				PROVISIONING_PROFILE = "64618ac5-6775-4e07-b343-25c911abc905";
			};
			name = Debug;
		};
		80CB57531DA72BEB00A9D501 /* Release */ = {
			isa = XCBuildConfiguration;
			buildSettings = {
				ASSETCATALOG_COMPILER_APPICON_NAME = AppIcon;
				INFOPLIST_FILE = FlappyBird/Info.plist;
				LD_RUNPATH_SEARCH_PATHS = "$(inherited) @executable_path/Frameworks";
				PRODUCT_BUNDLE_IDENTIFIER = jp.techacademy.issei.komatsu.FlappyBird;
				PRODUCT_NAME = "$(TARGET_NAME)";
				PROVISIONING_PROFILE = "64618ac5-6775-4e07-b343-25c911abc905";
			};
			name = Release;
		};
/* End XCBuildConfiguration section */

/* Begin XCConfigurationList section */
		80CB573A1DA72BEB00A9D501 /* Build configuration list for PBXProject "FlappyBird" */ = {
			isa = XCConfigurationList;
			buildConfigurations = (
				80CB574F1DA72BEB00A9D501 /* Debug */,
				80CB57501DA72BEB00A9D501 /* Release */,
			);
			defaultConfigurationIsVisible = 0;
			defaultConfigurationName = Release;
		};
		80CB57511DA72BEB00A9D501 /* Build configuration list for PBXNativeTarget "FlappyBird" */ = {
			isa = XCConfigurationList;
			buildConfigurations = (
				80CB57521DA72BEB00A9D501 /* Debug */,
				80CB57531DA72BEB00A9D501 /* Release */,
			);
			defaultConfigurationIsVisible = 0;
		};
/* End XCConfigurationList section */
	};
	rootObject = 80CB57371DA72BEB00A9D501 /* Project object */;
}
